
Microsoft Visual Studio Solution File, Format Version 12.00
# Visual Studio Version 17
VisualStudioVersion = 17.0.31912.275
MinimumVisualStudioVersion = 10.0.40219.1
Project("{9A19103F-16F7-4668-BE54-9A1E7A4F7556}") = "GenCountry", "GenCountry\GenCountry.csproj", "{A30EC018-3374-4A0E-8C33-0476ED7BFC1C}"
EndProject
Project("{9A19103F-16F7-4668-BE54-9A1E7A4F7556}") = "GenLoc", "GenLoc\GenLoc.csproj", "{1AAE2C0A-A1C5-4E1C-9762-51FA92374234}"
EndProject
Project("{FAE04EC0-301F-11D3-BF4B-00C04F79EFBC}") = "CountryCreator", "CountryCreator\CountryCreator.csproj", "{31ADA2B3-D7B0-4F9D-806E-5FD88E3FC759}"
EndProject
Project("{FAE04EC0-301F-11D3-BF4B-00C04F79EFBC}") = "GenPuppetLider", "GenPuppetLider\GenPuppetLider.csproj", "{04B7990E-8544-44BC-A4F9-6945D09F87E2}"
EndProject
Project("{FAE04EC0-301F-11D3-BF4B-00C04F79EFBC}") = "FlagGen", "FlagGen\FlagGen.csproj", "{81BF9456-FCEE-4FE5-8EBB-4B21CE23D801}"
EndProject
Global
	GlobalSection(SolutionConfigurationPlatforms) = preSolution
		Debug|Any CPU = Debug|Any CPU
		Release|Any CPU = Release|Any CPU
	EndGlobalSection
	GlobalSection(ProjectConfigurationPlatforms) = postSolution
		{A30EC018-3374-4A0E-8C33-0476ED7BFC1C}.Debug|Any CPU.ActiveCfg = Debug|Any CPU
		{A30EC018-3374-4A0E-8C33-0476ED7BFC1C}.Debug|Any CPU.Build.0 = Debug|Any CPU
		{A30EC018-3374-4A0E-8C33-0476ED7BFC1C}.Release|Any CPU.ActiveCfg = Release|Any CPU
		{A30EC018-3374-4A0E-8C33-0476ED7BFC1C}.Release|Any CPU.Build.0 = Release|Any CPU
		{1AAE2C0A-A1C5-4E1C-9762-51FA92374234}.Debug|Any CPU.ActiveCfg = Debug|Any CPU
		{1AAE2C0A-A1C5-4E1C-9762-51FA92374234}.Debug|Any CPU.Build.0 = Debug|Any CPU
		{1AAE2C0A-A1C5-4E1C-9762-51FA92374234}.Release|Any CPU.ActiveCfg = Release|Any CPU
		{1AAE2C0A-A1C5-4E1C-9762-51FA92374234}.Release|Any CPU.Build.0 = Release|Any CPU
		{31ADA2B3-D7B0-4F9D-806E-5FD88E3FC759}.Debug|Any CPU.ActiveCfg = Debug|Any CPU
		{31ADA2B3-D7B0-4F9D-806E-5FD88E3FC759}.Debug|Any CPU.Build.0 = Debug|Any CPU
		{31ADA2B3-D7B0-4F9D-806E-5FD88E3FC759}.Release|Any CPU.ActiveCfg = Release|Any CPU
		{31ADA2B3-D7B0-4F9D-806E-5FD88E3FC759}.Release|Any CPU.Build.0 = Release|Any CPU
		{04B7990E-8544-44BC-A4F9-6945D09F87E2}.Debug|Any CPU.ActiveCfg = Debug|Any CPU
		{04B7990E-8544-44BC-A4F9-6945D09F87E2}.Debug|Any CPU.Build.0 = Debug|Any CPU
		{04B7990E-8544-44BC-A4F9-6945D09F87E2}.Release|Any CPU.ActiveCfg = Release|Any CPU
		{04B7990E-8544-44BC-A4F9-6945D09F87E2}.Release|Any CPU.Build.0 = Release|Any CPU
		{81BF9456-FCEE-4FE5-8EBB-4B21CE23D801}.Debug|Any CPU.ActiveCfg = Debug|Any CPU
		{81BF9456-FCEE-4FE5-8EBB-4B21CE23D801}.Debug|Any CPU.Build.0 = Debug|Any CPU
		{81BF9456-FCEE-4FE5-8EBB-4B21CE23D801}.Release|Any CPU.ActiveCfg = Release|Any CPU
		{81BF9456-FCEE-4FE5-8EBB-4B21CE23D801}.Release|Any CPU.Build.0 = Release|Any CPU
	EndGlobalSection
	GlobalSection(SolutionProperties) = preSolution
		HideSolutionNode = FALSE
	EndGlobalSection
	GlobalSection(ExtensibilityGlobals) = postSolution
		SolutionGuid = {904ECB34-A29A-4519-84D6-8C9E2187F5CB}
	EndGlobalSection
EndGlobal
